
Microsoft Visual Studio Solution File, Format Version 12.00
# Visual Studio Version 17
VisualStudioVersion = 17.11.35327.3
MinimumVisualStudioVersion = 10.0.40219.1
Project("{FAE04EC0-301F-11D3-BF4B-00C04F79EFBC}") = "WebApplication5", "WebApplication5.csproj", "{F243B0E3-8D8C-481C-9276-19AB2692EC9B}"
EndProject
Global
	GlobalSection(SolutionConfigurationPlatforms) = preSolution
		Debug|Any CPU = Debug|Any CPU
		Release|Any CPU = Release|Any CPU
	EndGlobalSection
	GlobalSection(ProjectConfigurationPlatforms) = postSolution
		{F243B0E3-8D8C-481C-9276-19AB2692EC9B}.Debug|Any CPU.ActiveCfg = Debug|Any CPU
		{F243B0E3-8D8C-481C-9276-19AB2692EC9B}.Debug|Any CPU.Build.0 = Debug|Any CPU
		{F243B0E3-8D8C-481C-9276-19AB2692EC9B}.Release|Any CPU.ActiveCfg = Release|Any CPU
		{F243B0E3-8D8C-481C-9276-19AB2692EC9B}.Release|Any CPU.Build.0 = Release|Any CPU
	EndGlobalSection
	GlobalSection(SolutionProperties) = preSolution
		HideSolutionNode = FALSE
	EndGlobalSection
	GlobalSection(ExtensibilityGlobals) = postSolution
		SolutionGuid = {D8695F63-C005-4BE0-82E7-6D66819CD4DB}
	EndGlobalSection
EndGlobal
